
Microsoft Visual Studio Solution File, Format Version 12.00
# Visual Studio 15
VisualStudioVersion = 15.0.28307.136
MinimumVisualStudioVersion = 10.0.40219.1
Project("{FAE04EC0-301F-11D3-BF4B-00C04F79EFBC}") = "DragAndDropApp", "DragAndDropApp\DragAndDropApp.csproj", "{7B2A38AB-6DA6-4823-BB25-C8F581DAC3EA}"
EndProject
Global
	GlobalSection(SolutionConfigurationPlatforms) = preSolution
		Debug|Any CPU = Debug|Any CPU
		Release|Any CPU = Release|Any CPU
	EndGlobalSection
	GlobalSection(ProjectConfigurationPlatforms) = postSolution
		{7B2A38AB-6DA6-4823-BB25-C8F581DAC3EA}.Debug|Any CPU.ActiveCfg = Debug|Any CPU
		{7B2A38AB-6DA6-4823-BB25-C8F581DAC3EA}.Debug|Any CPU.Build.0 = Debug|Any CPU
		{7B2A38AB-6DA6-4823-BB25-C8F581DAC3EA}.Debug|Any CPU.Deploy.0 = Debug|Any CPU
		{7B2A38AB-6DA6-4823-BB25-C8F581DAC3EA}.Release|Any CPU.ActiveCfg = Release|Any CPU
		{7B2A38AB-6DA6-4823-BB25-C8F581DAC3EA}.Release|Any CPU.Build.0 = Release|Any CPU
		{7B2A38AB-6DA6-4823-BB25-C8F581DAC3EA}.Release|Any CPU.Deploy.0 = Release|Any CPU
	EndGlobalSection
	GlobalSection(SolutionProperties) = preSolution
		HideSolutionNode = FALSE
	EndGlobalSection
	GlobalSection(ExtensibilityGlobals) = postSolution
		SolutionGuid = {A7229A2F-5D6B-4755-93BB-C5292D1D2768}
	EndGlobalSection
EndGlobal
